github.com/Liyihwa/logwa v0.0.0-20230729065243-a25c46ff68a3 h1:4/L4nGYxP4x1nNWtTH+QPmT/oCfs7+/m8XRqyp13veM=
github.com/Liyihwa/logwa v0.0.0-20230729065243-a25c46ff68a3/go.mod h1:/vqQXlg0nduTNAg29NAYSQ191Ybbq3iK8qqXSbbWQM0=
github.com/Liyihwa/logwa v0.0.0-20230730152426-e5a0ab80abc3 h1:BMN5CrOwCUechs+sV0UIWAhC2xhuV6aEU57yyH0NS50=
github.com/Liyihwa/logwa v0.0.0-20230730152426-e5a0ab80abc3/go.mod h1:/vqQXlg0nduTNAg29NAYSQ191Ybbq3iK8qqXSbbWQM0=
github.com/Liyihwa/logwa v0.0.0-20230731121830-5a64e57beb82 h1:BTgqLFGzqbD3Iv/YDpatJbk9bMd+RXVIWxUVsBIh49k=
github.com/Liyihwa/logwa v0.0.0-20230731121830-5a64e57beb82/go.mod h1:/vqQXlg0nduTNAg29NAYSQ191Ybbq3iK8qqXSbbWQM0=
